
Microsoft Visual Studio Solution File, Format Version 12.00
# Visual Studio Version 16
VisualStudioVersion = 16.0.29613.14
MinimumVisualStudioVersion = 10.0.40219.1
Project("{FAE04EC0-301F-11D3-BF4B-00C04F79EFBC}") = "PlantingProfits-Main", "PlantingProfits-Main\PlantingProfits-Main.csproj", "{E77E1AE6-3203-47E8-A123-4E52B22D7165}"
EndProject
Global
	GlobalSection(SolutionConfigurationPlatforms) = preSolution
		Debug|Any CPU = Debug|Any CPU
		Release|Any CPU = Release|Any CPU
	EndGlobalSection
	GlobalSection(ProjectConfigurationPlatforms) = postSolution
		{E77E1AE6-3203-47E8-A123-4E52B22D7165}.Debug|Any CPU.ActiveCfg = Debug|Any CPU
		{E77E1AE6-3203-47E8-A123-4E52B22D7165}.Debug|Any CPU.Build.0 = Debug|Any CPU
		{E77E1AE6-3203-47E8-A123-4E52B22D7165}.Release|Any CPU.ActiveCfg = Release|Any CPU
		{E77E1AE6-3203-47E8-A123-4E52B22D7165}.Release|Any CPU.Build.0 = Release|Any CPU
	EndGlobalSection
	GlobalSection(SolutionProperties) = preSolution
		HideSolutionNode = FALSE
	EndGlobalSection
	GlobalSection(ExtensibilityGlobals) = postSolution
		SolutionGuid = {F5981670-7D08-447A-8E59-6BEE35CD2AB5}
	EndGlobalSection
EndGlobal
